// !$*UTF8*$!
{
	archiveVersion = 1;
	classes = {
	};
	objectVersion = 55;
	objects = {

/* Begin PBXBuildFile section */
		15634FA72854EB3F009264BF /* BreakTimeView.swift in Sources */ = {isa = PBXBuildFile; fileRef = 15634FA42854EB3F009264BF /* BreakTimeView.swift */; };
		15634FA82854EB3F009264BF /* CircularTimerView.swift in Sources */ = {isa = PBXBuildFile; fileRef = 15634FA52854EB3F009264BF /* CircularTimerView.swift */; };
		15634FA92854EB3F009264BF /* TimeSetView.swift in Sources */ = {isa = PBXBuildFile; fileRef = 15634FA62854EB3F009264BF /* TimeSetView.swift */; };
		21812E8428557D380023463C /* FinishTopicView.swift in Sources */ = {isa = PBXBuildFile; fileRef = 21812E8328557D380023463C /* FinishTopicView.swift */; };
		3F4E600E2853A37000BFAA65 /* ConfettiSwiftUI in Frameworks */ = {isa = PBXBuildFile; productRef = 3F4E600D2853A37000BFAA65 /* ConfettiSwiftUI */; };
		3F4E60142855BE7200BFAA65 /* ArrowAnimationView.swift in Sources */ = {isa = PBXBuildFile; fileRef = 3F4E60132855BE7200BFAA65 /* ArrowAnimationView.swift */; };
		3F4E60172855D9DD00BFAA65 /* Lottie in Frameworks */ = {isa = PBXBuildFile; productRef = 3F4E60162855D9DD00BFAA65 /* Lottie */; };
		3F4E60192855DA0300BFAA65 /* LottieView.swift in Sources */ = {isa = PBXBuildFile; fileRef = 3F4E60182855DA0300BFAA65 /* LottieView.swift */; };
		3F4E601B2855DA3B00BFAA65 /* CompletedTopicView.swift in Sources */ = {isa = PBXBuildFile; fileRef = 3F4E601A2855DA3B00BFAA65 /* CompletedTopicView.swift */; };
		3F4E601D2855DB8C00BFAA65 /* Completion.json in Resources */ = {isa = PBXBuildFile; fileRef = 3F4E601C2855DB8C00BFAA65 /* Completion.json */; };
		4A2A97AA2856C7A400EA21C6 /* UIScreenExtension.swift in Sources */ = {isa = PBXBuildFile; fileRef = 4A2A97A92856C7A400EA21C6 /* UIScreenExtension.swift */; };
		4A2A97AC2856D90B00EA21C6 /* FinishTopicViewModel.swift in Sources */ = {isa = PBXBuildFile; fileRef = 4A2A97AB2856D90B00EA21C6 /* FinishTopicViewModel.swift */; };
		4A3B249B2855FFC000504486 /* CompletionViewModel.swift in Sources */ = {isa = PBXBuildFile; fileRef = 4A3B249A2855FFC000504486 /* CompletionViewModel.swift */; };
		4AC8DEEB2854F20E00500E0A /* CarouselView.swift in Sources */ = {isa = PBXBuildFile; fileRef = 4AC8DEEA2854F20E00500E0A /* CarouselView.swift */; };
		7BC5EFB02851E5C0004A27B5 /* Colors.xcassets in Resources */ = {isa = PBXBuildFile; fileRef = 7BC5EFAF2851E5C0004A27B5 /* Colors.xcassets */; };
		7BC5EFB22851ECC5004A27B5 /* ColorExtension.swift in Sources */ = {isa = PBXBuildFile; fileRef = 7BC5EFB12851ECC5004A27B5 /* ColorExtension.swift */; };
		7BFBD2E22856C33B00E5D98C /* OnboardingView.swift in Sources */ = {isa = PBXBuildFile; fileRef = 7BFBD2DF2856C33B00E5D98C /* OnboardingView.swift */; };
		7BFBD2E32856C33B00E5D98C /* OnboardingLastPageView.swift in Sources */ = {isa = PBXBuildFile; fileRef = 7BFBD2E02856C33B00E5D98C /* OnboardingLastPageView.swift */; };
		7BFBD2E42856C33B00E5D98C /* OnboardingPageView.swift in Sources */ = {isa = PBXBuildFile; fileRef = 7BFBD2E12856C33B00E5D98C /* OnboardingPageView.swift */; };
		F225A1DB2856BD1300166ECC /* FirebaseAuth in Frameworks */ = {isa = PBXBuildFile; productRef = F225A1DA2856BD1300166ECC /* FirebaseAuth */; };
		F225A1DD2856BD1300166ECC /* FirebaseFirestore in Frameworks */ = {isa = PBXBuildFile; productRef = F225A1DC2856BD1300166ECC /* FirebaseFirestore */; };
		F225A1DF2856BD1300166ECC /* FirebaseFirestoreSwift in Frameworks */ = {isa = PBXBuildFile; productRef = F225A1DE2856BD1300166ECC /* FirebaseFirestoreSwift */; };
		F225A1E12856BD1300166ECC /* FirebaseMessaging in Frameworks */ = {isa = PBXBuildFile; productRef = F225A1E02856BD1300166ECC /* FirebaseMessaging */; };
		F225A1E32856BD1300166ECC /* FirebaseStorage in Frameworks */ = {isa = PBXBuildFile; productRef = F225A1E22856BD1300166ECC /* FirebaseStorage */; };
		F225A1E72856C89A00166ECC /* Reaction.swift in Sources */ = {isa = PBXBuildFile; fileRef = F225A1E62856C89A00166ECC /* Reaction.swift */; };
		F225A1E92856CB9800166ECC /* User.swift in Sources */ = {isa = PBXBuildFile; fileRef = F225A1E82856CB9800166ECC /* User.swift */; };
		F225A1EB2856CEB200166ECC /* Topic.swift in Sources */ = {isa = PBXBuildFile; fileRef = F225A1EA2856CEB200166ECC /* Topic.swift */; };
		F2380A8B2856D500004754EE /* FirebaseManager.swift in Sources */ = {isa = PBXBuildFile; fileRef = F2380A8A2856D500004754EE /* FirebaseManager.swift */; };
		F2380A8D2856D567004754EE /* FirebaseConstants.swift in Sources */ = {isa = PBXBuildFile; fileRef = F2380A8C2856D567004754EE /* FirebaseConstants.swift */; };
		F2380A8F2856D633004754EE /* generateRandomNickname.swift in Sources */ = {isa = PBXBuildFile; fileRef = F2380A8E2856D633004754EE /* generateRandomNickname.swift */; };
		F2380A912856E010004754EE /* TypographyExtension.swift in Sources */ = {isa = PBXBuildFile; fileRef = F2380A902856E010004754EE /* TypographyExtension.swift */; };
		F2380A932856EA65004754EE /* EmojiViewModel.swift in Sources */ = {isa = PBXBuildFile; fileRef = F2380A922856EA65004754EE /* EmojiViewModel.swift */; };
		F29BECE6285217A9005B4A1B /* Pretendard-Medium.otf in Resources */ = {isa = PBXBuildFile; fileRef = F29BECDD285217A8005B4A1B /* Pretendard-Medium.otf */; };
		F29BECE7285217A9005B4A1B /* Pretendard-Thin.otf in Resources */ = {isa = PBXBuildFile; fileRef = F29BECDE285217A8005B4A1B /* Pretendard-Thin.otf */; };
		F29BECE8285217A9005B4A1B /* Pretendard-Light.otf in Resources */ = {isa = PBXBuildFile; fileRef = F29BECDF285217A8005B4A1B /* Pretendard-Light.otf */; };
		F29BECE9285217A9005B4A1B /* Pretendard-SemiBold.otf in Resources */ = {isa = PBXBuildFile; fileRef = F29BECE0285217A8005B4A1B /* Pretendard-SemiBold.otf */; };
		F29BECEA285217A9005B4A1B /* Pretendard-ExtraBold.otf in Resources */ = {isa = PBXBuildFile; fileRef = F29BECE1285217A8005B4A1B /* Pretendard-ExtraBold.otf */; };
		F29BECEB285217A9005B4A1B /* Pretendard-Black.otf in Resources */ = {isa = PBXBuildFile; fileRef = F29BECE2285217A8005B4A1B /* Pretendard-Black.otf */; };
		F29BECEC285217A9005B4A1B /* Pretendard-Regular.otf in Resources */ = {isa = PBXBuildFile; fileRef = F29BECE3285217A8005B4A1B /* Pretendard-Regular.otf */; };
		F29BECED285217A9005B4A1B /* Pretendard-ExtraLight.otf in Resources */ = {isa = PBXBuildFile; fileRef = F29BECE4285217A9005B4A1B /* Pretendard-ExtraLight.otf */; };
		F29BECEE285217A9005B4A1B /* Pretendard-Bold.otf in Resources */ = {isa = PBXBuildFile; fileRef = F29BECE5285217A9005B4A1B /* Pretendard-Bold.otf */; };
		F29BED1F28533CBC005B4A1B /* String+ButtonImageName.swift in Sources */ = {isa = PBXBuildFile; fileRef = F29BED1E28533CBC005B4A1B /* String+ButtonImageName.swift */; };
		F29BED232853B24C005B4A1B /* CreateMeetingRoomView.swift in Sources */ = {isa = PBXBuildFile; fileRef = F29BED222853B24C005B4A1B /* CreateMeetingRoomView.swift */; };
		F29BED2E28558F48005B4A1B /* CodeScanner in Frameworks */ = {isa = PBXBuildFile; productRef = F29BED2D28558F48005B4A1B /* CodeScanner */; };
		F2CA7CE2285701A00094B126 /* RootView.swift in Sources */ = {isa = PBXBuildFile; fileRef = F2CA7CE1285701A00094B126 /* RootView.swift */; };
		F2CA7CE42858092F0094B126 /* GoogleService-Info.plist in Resources */ = {isa = PBXBuildFile; fileRef = F2CA7CE32858092F0094B126 /* GoogleService-Info.plist */; };
		F2CA7CE828580D8E0094B126 /* MeetingRoomView.swift in Sources */ = {isa = PBXBuildFile; fileRef = F2CA7CE728580D8E0094B126 /* MeetingRoomView.swift */; };
		F2CA7CEA28580DAD0094B126 /* EmojiReactionView.swift in Sources */ = {isa = PBXBuildFile; fileRef = F2CA7CE928580DAD0094B126 /* EmojiReactionView.swift */; };
		F2CA7CEC28580DD10094B126 /* TestCardView.swift in Sources */ = {isa = PBXBuildFile; fileRef = F2CA7CEB28580DD10094B126 /* TestCardView.swift */; };
		F2CA7CEE28580DEC0094B126 /* HomeView.swift in Sources */ = {isa = PBXBuildFile; fileRef = F2CA7CED28580DEC0094B126 /* HomeView.swift */; };
		F2CA7CF328580E400094B126 /* QRCode.swift in Sources */ = {isa = PBXBuildFile; fileRef = F2CA7CF228580E400094B126 /* QRCode.swift */; };
		F2CA7CF528580E660094B126 /* QRCodeView.swift in Sources */ = {isa = PBXBuildFile; fileRef = F2CA7CF428580E660094B126 /* QRCodeView.swift */; };
		F2CA7CF728580E980094B126 /* FieldType.swift in Sources */ = {isa = PBXBuildFile; fileRef = F2CA7CF628580E980094B126 /* FieldType.swift */; };
		F2CA7CF9285811510094B126 /* RoundButton.swift in Sources */ = {isa = PBXBuildFile; fileRef = F2CA7CF8285811510094B126 /* RoundButton.swift */; };
		F2D707B82849BA6C00DA86FD /* TeamOXYApp.swift in Sources */ = {isa = PBXBuildFile; fileRef = F2D707B72849BA6C00DA86FD /* TeamOXYApp.swift */; };
		F2D707BC2849BA6D00DA86FD /* Assets.xcassets in Resources */ = {isa = PBXBuildFile; fileRef = F2D707BB2849BA6D00DA86FD /* Assets.xcassets */; };
		F2D707BF2849BA6D00DA86FD /* Preview Assets.xcassets in Resources */ = {isa = PBXBuildFile; fileRef = F2D707BE2849BA6D00DA86FD /* Preview Assets.xcassets */; };
/* End PBXBuildFile section */

/* Begin PBXFileReference section */
		15634FA42854EB3F009264BF /* BreakTimeView.swift */ = {isa = PBXFileReference; fileEncoding = 4; lastKnownFileType = sourcecode.swift; path = BreakTimeView.swift; sourceTree = "<group>"; };
		15634FA52854EB3F009264BF /* CircularTimerView.swift */ = {isa = PBXFileReference; fileEncoding = 4; lastKnownFileType = sourcecode.swift; path = CircularTimerView.swift; sourceTree = "<group>"; };
		15634FA62854EB3F009264BF /* TimeSetView.swift */ = {isa = PBXFileReference; fileEncoding = 4; lastKnownFileType = sourcecode.swift; path = TimeSetView.swift; sourceTree = "<group>"; };
		21812E8328557D380023463C /* FinishTopicView.swift */ = {isa = PBXFileReference; lastKnownFileType = sourcecode.swift; path = FinishTopicView.swift; sourceTree = "<group>"; };
		3F4E60132855BE7200BFAA65 /* ArrowAnimationView.swift */ = {isa = PBXFileReference; lastKnownFileType = sourcecode.swift; path = ArrowAnimationView.swift; sourceTree = "<group>"; };
		3F4E60182855DA0300BFAA65 /* LottieView.swift */ = {isa = PBXFileReference; lastKnownFileType = sourcecode.swift; path = LottieView.swift; sourceTree = "<group>"; };
		3F4E601A2855DA3B00BFAA65 /* CompletedTopicView.swift */ = {isa = PBXFileReference; lastKnownFileType = sourcecode.swift; path = CompletedTopicView.swift; sourceTree = "<group>"; };
		3F4E601C2855DB8C00BFAA65 /* Completion.json */ = {isa = PBXFileReference; fileEncoding = 4; lastKnownFileType = text.json; path = Completion.json; sourceTree = "<group>"; };
		4A2A97A92856C7A400EA21C6 /* UIScreenExtension.swift */ = {isa = PBXFileReference; lastKnownFileType = sourcecode.swift; path = UIScreenExtension.swift; sourceTree = "<group>"; };
		4A2A97AB2856D90B00EA21C6 /* FinishTopicViewModel.swift */ = {isa = PBXFileReference; lastKnownFileType = sourcecode.swift; path = FinishTopicViewModel.swift; sourceTree = "<group>"; };
		4A3B249A2855FFC000504486 /* CompletionViewModel.swift */ = {isa = PBXFileReference; lastKnownFileType = sourcecode.swift; path = CompletionViewModel.swift; sourceTree = "<group>"; };
		4AC8DEEA2854F20E00500E0A /* CarouselView.swift */ = {isa = PBXFileReference; fileEncoding = 4; lastKnownFileType = sourcecode.swift; path = CarouselView.swift; sourceTree = "<group>"; };
		7BC5EFAF2851E5C0004A27B5 /* Colors.xcassets */ = {isa = PBXFileReference; lastKnownFileType = folder.assetcatalog; path = Colors.xcassets; sourceTree = "<group>"; };
		7BC5EFB12851ECC5004A27B5 /* ColorExtension.swift */ = {isa = PBXFileReference; lastKnownFileType = sourcecode.swift; name = ColorExtension.swift; path = TeamOXY/Extensions/ColorExtension.swift; sourceTree = SOURCE_ROOT; };
		7BFBD2DF2856C33B00E5D98C /* OnboardingView.swift */ = {isa = PBXFileReference; fileEncoding = 4; lastKnownFileType = sourcecode.swift; path = OnboardingView.swift; sourceTree = "<group>"; };
		7BFBD2E02856C33B00E5D98C /* OnboardingLastPageView.swift */ = {isa = PBXFileReference; fileEncoding = 4; lastKnownFileType = sourcecode.swift; path = OnboardingLastPageView.swift; sourceTree = "<group>"; };
		7BFBD2E12856C33B00E5D98C /* OnboardingPageView.swift */ = {isa = PBXFileReference; fileEncoding = 4; lastKnownFileType = sourcecode.swift; path = OnboardingPageView.swift; sourceTree = "<group>"; };
		F225A1E62856C89A00166ECC /* Reaction.swift */ = {isa = PBXFileReference; lastKnownFileType = sourcecode.swift; path = Reaction.swift; sourceTree = "<group>"; };
		F225A1E82856CB9800166ECC /* User.swift */ = {isa = PBXFileReference; lastKnownFileType = sourcecode.swift; path = User.swift; sourceTree = "<group>"; };
		F225A1EA2856CEB200166ECC /* Topic.swift */ = {isa = PBXFileReference; lastKnownFileType = sourcecode.swift; path = Topic.swift; sourceTree = "<group>"; };
		F2380A8A2856D500004754EE /* FirebaseManager.swift */ = {isa = PBXFileReference; lastKnownFileType = sourcecode.swift; path = FirebaseManager.swift; sourceTree = "<group>"; };
		F2380A8C2856D567004754EE /* FirebaseConstants.swift */ = {isa = PBXFileReference; lastKnownFileType = sourcecode.swift; path = FirebaseConstants.swift; sourceTree = "<group>"; };
		F2380A8E2856D633004754EE /* generateRandomNickname.swift */ = {isa = PBXFileReference; lastKnownFileType = sourcecode.swift; path = generateRandomNickname.swift; sourceTree = "<group>"; };
		F2380A902856E010004754EE /* TypographyExtension.swift */ = {isa = PBXFileReference; lastKnownFileType = sourcecode.swift; path = TypographyExtension.swift; sourceTree = "<group>"; };
		F2380A922856EA65004754EE /* EmojiViewModel.swift */ = {isa = PBXFileReference; lastKnownFileType = sourcecode.swift; path = EmojiViewModel.swift; sourceTree = "<group>"; };
		F29BECDD285217A8005B4A1B /* Pretendard-Medium.otf */ = {isa = PBXFileReference; lastKnownFileType = file; path = "Pretendard-Medium.otf"; sourceTree = "<group>"; };
		F29BECDE285217A8005B4A1B /* Pretendard-Thin.otf */ = {isa = PBXFileReference; lastKnownFileType = file; path = "Pretendard-Thin.otf"; sourceTree = "<group>"; };
		F29BECDF285217A8005B4A1B /* Pretendard-Light.otf */ = {isa = PBXFileReference; lastKnownFileType = file; path = "Pretendard-Light.otf"; sourceTree = "<group>"; };
		F29BECE0285217A8005B4A1B /* Pretendard-SemiBold.otf */ = {isa = PBXFileReference; lastKnownFileType = file; path = "Pretendard-SemiBold.otf"; sourceTree = "<group>"; };
		F29BECE1285217A8005B4A1B /* Pretendard-ExtraBold.otf */ = {isa = PBXFileReference; lastKnownFileType = file; path = "Pretendard-ExtraBold.otf"; sourceTree = "<group>"; };
		F29BECE2285217A8005B4A1B /* Pretendard-Black.otf */ = {isa = PBXFileReference; lastKnownFileType = file; path = "Pretendard-Black.otf"; sourceTree = "<group>"; };
		F29BECE3285217A8005B4A1B /* Pretendard-Regular.otf */ = {isa = PBXFileReference; lastKnownFileType = file; path = "Pretendard-Regular.otf"; sourceTree = "<group>"; };
		F29BECE4285217A9005B4A1B /* Pretendard-ExtraLight.otf */ = {isa = PBXFileReference; lastKnownFileType = file; path = "Pretendard-ExtraLight.otf"; sourceTree = "<group>"; };
		F29BECE5285217A9005B4A1B /* Pretendard-Bold.otf */ = {isa = PBXFileReference; lastKnownFileType = file; path = "Pretendard-Bold.otf"; sourceTree = "<group>"; };
		F29BECF12852181A005B4A1B /* Info.plist */ = {isa = PBXFileReference; lastKnownFileType = text.plist; path = Info.plist; sourceTree = "<group>"; };
		F29BED1E28533CBC005B4A1B /* String+ButtonImageName.swift */ = {isa = PBXFileReference; lastKnownFileType = sourcecode.swift; path = "String+ButtonImageName.swift"; sourceTree = "<group>"; };
		F29BED222853B24C005B4A1B /* CreateMeetingRoomView.swift */ = {isa = PBXFileReference; lastKnownFileType = sourcecode.swift; path = CreateMeetingRoomView.swift; sourceTree = "<group>"; };
		F2CA7CE1285701A00094B126 /* RootView.swift */ = {isa = PBXFileReference; lastKnownFileType = sourcecode.swift; path = RootView.swift; sourceTree = "<group>"; };
		F2CA7CE32858092F0094B126 /* GoogleService-Info.plist */ = {isa = PBXFileReference; fileEncoding = 4; lastKnownFileType = text.plist.xml; path = "GoogleService-Info.plist"; sourceTree = "<group>"; };
		F2CA7CE728580D8E0094B126 /* MeetingRoomView.swift */ = {isa = PBXFileReference; lastKnownFileType = sourcecode.swift; path = MeetingRoomView.swift; sourceTree = "<group>"; };
		F2CA7CE928580DAD0094B126 /* EmojiReactionView.swift */ = {isa = PBXFileReference; lastKnownFileType = sourcecode.swift; path = EmojiReactionView.swift; sourceTree = "<group>"; };
		F2CA7CEB28580DD10094B126 /* TestCardView.swift */ = {isa = PBXFileReference; lastKnownFileType = sourcecode.swift; path = TestCardView.swift; sourceTree = "<group>"; };
		F2CA7CED28580DEC0094B126 /* HomeView.swift */ = {isa = PBXFileReference; lastKnownFileType = sourcecode.swift; path = HomeView.swift; sourceTree = "<group>"; };
		F2CA7CF228580E400094B126 /* QRCode.swift */ = {isa = PBXFileReference; lastKnownFileType = sourcecode.swift; path = QRCode.swift; sourceTree = "<group>"; };
		F2CA7CF428580E660094B126 /* QRCodeView.swift */ = {isa = PBXFileReference; lastKnownFileType = sourcecode.swift; path = QRCodeView.swift; sourceTree = "<group>"; };
		F2CA7CF628580E980094B126 /* FieldType.swift */ = {isa = PBXFileReference; lastKnownFileType = sourcecode.swift; path = FieldType.swift; sourceTree = "<group>"; };
		F2CA7CF8285811510094B126 /* RoundButton.swift */ = {isa = PBXFileReference; lastKnownFileType = sourcecode.swift; path = RoundButton.swift; sourceTree = "<group>"; };
		F2D707B42849BA6C00DA86FD /* TeamOXY.app */ = {isa = PBXFileReference; explicitFileType = wrapper.application; includeInIndex = 0; path = TeamOXY.app; sourceTree = BUILT_PRODUCTS_DIR; };
		F2D707B72849BA6C00DA86FD /* TeamOXYApp.swift */ = {isa = PBXFileReference; lastKnownFileType = sourcecode.swift; path = TeamOXYApp.swift; sourceTree = "<group>"; };
		F2D707BB2849BA6D00DA86FD /* Assets.xcassets */ = {isa = PBXFileReference; lastKnownFileType = folder.assetcatalog; path = Assets.xcassets; sourceTree = "<group>"; };
		F2D707BE2849BA6D00DA86FD /* Preview Assets.xcassets */ = {isa = PBXFileReference; lastKnownFileType = folder.assetcatalog; path = "Preview Assets.xcassets"; sourceTree = "<group>"; };
/* End PBXFileReference section */

/* Begin PBXFrameworksBuildPhase section */
		F2D707B12849BA6C00DA86FD /* Frameworks */ = {
			isa = PBXFrameworksBuildPhase;
			buildActionMask = 2147483647;
			files = (
				F29BED2E28558F48005B4A1B /* CodeScanner in Frameworks */,
				3F4E600E2853A37000BFAA65 /* ConfettiSwiftUI in Frameworks */,
				F225A1E12856BD1300166ECC /* FirebaseMessaging in Frameworks */,
				3F4E60172855D9DD00BFAA65 /* Lottie in Frameworks */,
				F225A1DD2856BD1300166ECC /* FirebaseFirestore in Frameworks */,
				F225A1E32856BD1300166ECC /* FirebaseStorage in Frameworks */,
				F225A1DB2856BD1300166ECC /* FirebaseAuth in Frameworks */,
				F225A1DF2856BD1300166ECC /* FirebaseFirestoreSwift in Frameworks */,
			);
			runOnlyForDeploymentPostprocessing = 0;
		};
/* End PBXFrameworksBuildPhase section */

/* Begin PBXGroup section */
		7BFBD2DE2856C31400E5D98C /* Onboarding */ = {
			isa = PBXGroup;
			children = (
				7BFBD2E02856C33B00E5D98C /* OnboardingLastPageView.swift */,
				7BFBD2E12856C33B00E5D98C /* OnboardingPageView.swift */,
				7BFBD2DF2856C33B00E5D98C /* OnboardingView.swift */,
			);
			path = Onboarding;
			sourceTree = "<group>";
		};
		F225A1ED2856D4BC00166ECC /* Utils */ = {
			isa = PBXGroup;
			children = (
				F2380A942856FE64004754EE /* Lottie */,
				F2380A8A2856D500004754EE /* FirebaseManager.swift */,
				F2380A8E2856D633004754EE /* generateRandomNickname.swift */,
			);
			path = Utils;
			sourceTree = "<group>";
		};
		F2380A942856FE64004754EE /* Lottie */ = {
			isa = PBXGroup;
			children = (
				3F4E601C2855DB8C00BFAA65 /* Completion.json */,
			);
			path = Lottie;
			sourceTree = "<group>";
		};
		F2380A952856FEF9004754EE /* TransitionView */ = {
			isa = PBXGroup;
			children = (
				3F4E60182855DA0300BFAA65 /* LottieView.swift */,
				3F4E601A2855DA3B00BFAA65 /* CompletedTopicView.swift */,
			);
			path = TransitionView;
			sourceTree = "<group>";
		};
		F2380A962857008D004754EE /* MeetingRoom */ = {
			isa = PBXGroup;
			children = (
				4AC8DEEA2854F20E00500E0A /* CarouselView.swift */,
				21812E8328557D380023463C /* FinishTopicView.swift */,
				3F4E60132855BE7200BFAA65 /* ArrowAnimationView.swift */,
				F2CA7CE728580D8E0094B126 /* MeetingRoomView.swift */,
				F2CA7CE928580DAD0094B126 /* EmojiReactionView.swift */,
				F2CA7CEB28580DD10094B126 /* TestCardView.swift */,
			);
			path = MeetingRoom;
			sourceTree = "<group>";
		};
		F2380A9728570153004754EE /* Home */ = {
			isa = PBXGroup;
			children = (
				F2CA7CF128580E350094B126 /* QRCode */,
				F2CA7CED28580DEC0094B126 /* HomeView.swift */,
			);
			path = Home;
			sourceTree = "<group>";
		};
		F29BECD42852152F005B4A1B /* Constants */ = {
			isa = PBXGroup;
			children = (
				F2380A8C2856D567004754EE /* FirebaseConstants.swift */,
				F2CA7CF628580E980094B126 /* FieldType.swift */,
			);
			path = Constants;
			sourceTree = "<group>";
		};
		F29BECD528521538005B4A1B /* Extensions */ = {
			isa = PBXGroup;
			children = (
				7BC5EFB12851ECC5004A27B5 /* ColorExtension.swift */,
				F29BED1E28533CBC005B4A1B /* String+ButtonImageName.swift */,
				4A2A97A92856C7A400EA21C6 /* UIScreenExtension.swift */,
				F2380A902856E010004754EE /* TypographyExtension.swift */,
			);
			path = Extensions;
			sourceTree = "<group>";
		};
		F29BECD628521540005B4A1B /* View */ = {
			isa = PBXGroup;
			children = (
				F2CA7CE1285701A00094B126 /* RootView.swift */,
				7BFBD2DE2856C31400E5D98C /* Onboarding */,
				F2380A9728570153004754EE /* Home */,
				F29BED222853B24C005B4A1B /* CreateMeetingRoomView.swift */,
				F2380A962857008D004754EE /* MeetingRoom */,
				F2380A952856FEF9004754EE /* TransitionView */,
				15634FA42854EB3F009264BF /* BreakTimeView.swift */,
				15634FA52854EB3F009264BF /* CircularTimerView.swift */,
				15634FA62854EB3F009264BF /* TimeSetView.swift */,
			);
			path = View;
			sourceTree = "<group>";
		};
		F29BECD928521550005B4A1B /* Model */ = {
			isa = PBXGroup;
			children = (
				F225A1E62856C89A00166ECC /* Reaction.swift */,
				F225A1E82856CB9800166ECC /* User.swift */,
				F225A1EA2856CEB200166ECC /* Topic.swift */,
			);
			path = Model;
			sourceTree = "<group>";
		};
		F29BECDA28521558005B4A1B /* ViewModel */ = {
			isa = PBXGroup;
			children = (
				4A3B249A2855FFC000504486 /* CompletionViewModel.swift */,
				4A2A97AB2856D90B00EA21C6 /* FinishTopicViewModel.swift */,
				F2380A922856EA65004754EE /* EmojiViewModel.swift */,
			);
			path = ViewModel;
			sourceTree = "<group>";
		};
		F29BECDB28521713005B4A1B /* Fonts */ = {
			isa = PBXGroup;
			children = (
				F29BECE2285217A8005B4A1B /* Pretendard-Black.otf */,
				F29BECE5285217A9005B4A1B /* Pretendard-Bold.otf */,
				F29BECE1285217A8005B4A1B /* Pretendard-ExtraBold.otf */,
				F29BECE4285217A9005B4A1B /* Pretendard-ExtraLight.otf */,
				F29BECDF285217A8005B4A1B /* Pretendard-Light.otf */,
				F29BECDD285217A8005B4A1B /* Pretendard-Medium.otf */,
				F29BECE3285217A8005B4A1B /* Pretendard-Regular.otf */,
				F29BECE0285217A8005B4A1B /* Pretendard-SemiBold.otf */,
				F29BECDE285217A8005B4A1B /* Pretendard-Thin.otf */,
			);
			path = Fonts;
			sourceTree = "<group>";
		};
		F29BED1B28532DB8005B4A1B /* Components */ = {
			isa = PBXGroup;
			children = (
				F2CA7CF8285811510094B126 /* RoundButton.swift */,
			);
			path = Components;
			sourceTree = "<group>";
		};
		F2CA7CF128580E350094B126 /* QRCode */ = {
			isa = PBXGroup;
			children = (
				F2CA7CF228580E400094B126 /* QRCode.swift */,
				F2CA7CF428580E660094B126 /* QRCodeView.swift */,
			);
			path = QRCode;
			sourceTree = "<group>";
		};
		F2D707AB2849BA6C00DA86FD = {
			isa = PBXGroup;
			children = (
				F2D707B62849BA6C00DA86FD /* TeamOXY */,
				F2D707B52849BA6C00DA86FD /* Products */,
			);
			sourceTree = "<group>";
		};
		F2D707B52849BA6C00DA86FD /* Products */ = {
			isa = PBXGroup;
			children = (
				F2D707B42849BA6C00DA86FD /* TeamOXY.app */,
			);
			name = Products;
			sourceTree = "<group>";
		};
		F2D707B62849BA6C00DA86FD /* TeamOXY */ = {
			isa = PBXGroup;
			children = (
				F2CA7CE32858092F0094B126 /* GoogleService-Info.plist */,
				F225A1ED2856D4BC00166ECC /* Utils */,
				F29BED1B28532DB8005B4A1B /* Components */,
				F29BECF12852181A005B4A1B /* Info.plist */,
				F29BECDB28521713005B4A1B /* Fonts */,
				F29BECDA28521558005B4A1B /* ViewModel */,
				F29BECD928521550005B4A1B /* Model */,
				F29BECD628521540005B4A1B /* View */,
				F29BECD528521538005B4A1B /* Extensions */,
				F29BECD42852152F005B4A1B /* Constants */,
				F2D707B72849BA6C00DA86FD /* TeamOXYApp.swift */,
				F2D707BB2849BA6D00DA86FD /* Assets.xcassets */,
				7BC5EFAF2851E5C0004A27B5 /* Colors.xcassets */,
				F2D707BD2849BA6D00DA86FD /* Preview Content */,
			);
			path = TeamOXY;
			sourceTree = "<group>";
		};
		F2D707BD2849BA6D00DA86FD /* Preview Content */ = {
			isa = PBXGroup;
			children = (
				F2D707BE2849BA6D00DA86FD /* Preview Assets.xcassets */,
			);
			path = "Preview Content";
			sourceTree = "<group>";
		};
/* End PBXGroup section */

/* Begin PBXNativeTarget section */
		F2D707B32849BA6C00DA86FD /* TeamOXY */ = {
			isa = PBXNativeTarget;
			buildConfigurationList = F2D707C22849BA6D00DA86FD /* Build configuration list for PBXNativeTarget "TeamOXY" */;
			buildPhases = (
				F2D707B02849BA6C00DA86FD /* Sources */,
				F2D707B12849BA6C00DA86FD /* Frameworks */,
				F2D707B22849BA6C00DA86FD /* Resources */,
			);
			buildRules = (
			);
			dependencies = (
			);
			name = TeamOXY;
			packageProductDependencies = (
				3F4E600D2853A37000BFAA65 /* ConfettiSwiftUI */,
				F29BED2D28558F48005B4A1B /* CodeScanner */,
				3F4E60162855D9DD00BFAA65 /* Lottie */,
				F225A1DA2856BD1300166ECC /* FirebaseAuth */,
				F225A1DC2856BD1300166ECC /* FirebaseFirestore */,
				F225A1DE2856BD1300166ECC /* FirebaseFirestoreSwift */,
				F225A1E02856BD1300166ECC /* FirebaseMessaging */,
				F225A1E22856BD1300166ECC /* FirebaseStorage */,
			);
			productName = TeamOXY;
			productReference = F2D707B42849BA6C00DA86FD /* TeamOXY.app */;
			productType = "com.apple.product-type.application";
		};
/* End PBXNativeTarget section */

/* Begin PBXProject section */
		F2D707AC2849BA6C00DA86FD /* Project object */ = {
			isa = PBXProject;
			attributes = {
				BuildIndependentTargetsInParallel = 1;
				LastSwiftUpdateCheck = 1340;
				LastUpgradeCheck = 1340;
				TargetAttributes = {
					F2D707B32849BA6C00DA86FD = {
						CreatedOnToolsVersion = 13.4;
					};
				};
			};
			buildConfigurationList = F2D707AF2849BA6C00DA86FD /* Build configuration list for PBXProject "TeamOXY" */;
			compatibilityVersion = "Xcode 13.0";
			developmentRegion = en;
			hasScannedForEncodings = 0;
			knownRegions = (
				en,
				Base,
			);
			mainGroup = F2D707AB2849BA6C00DA86FD;
			packageReferences = (
				3F4E600C2853A37000BFAA65 /* XCRemoteSwiftPackageReference "ConfettiSwiftUI" */,
				F29BED2C28558F47005B4A1B /* XCRemoteSwiftPackageReference "CodeScanner" */,
				3F4E60152855D9DD00BFAA65 /* XCRemoteSwiftPackageReference "lottie-ios" */,
				F225A1D92856BD1300166ECC /* XCRemoteSwiftPackageReference "firebase-ios-sdk" */,
			);
			productRefGroup = F2D707B52849BA6C00DA86FD /* Products */;
			projectDirPath = "";
			projectRoot = "";
			targets = (
				F2D707B32849BA6C00DA86FD /* TeamOXY */,
			);
		};
/* End PBXProject section */

/* Begin PBXResourcesBuildPhase section */
		F2D707B22849BA6C00DA86FD /* Resources */ = {
			isa = PBXResourcesBuildPhase;
			buildActionMask = 2147483647;
			files = (
				7BC5EFB02851E5C0004A27B5 /* Colors.xcassets in Resources */,
				F2CA7CE42858092F0094B126 /* GoogleService-Info.plist in Resources */,
				F29BECEE285217A9005B4A1B /* Pretendard-Bold.otf in Resources */,
				F2D707BF2849BA6D00DA86FD /* Preview Assets.xcassets in Resources */,
				F2D707BC2849BA6D00DA86FD /* Assets.xcassets in Resources */,
				F29BECED285217A9005B4A1B /* Pretendard-ExtraLight.otf in Resources */,
				F29BECEA285217A9005B4A1B /* Pretendard-ExtraBold.otf in Resources */,
				F29BECE6285217A9005B4A1B /* Pretendard-Medium.otf in Resources */,
				F29BECEC285217A9005B4A1B /* Pretendard-Regular.otf in Resources */,
				F29BECE9285217A9005B4A1B /* Pretendard-SemiBold.otf in Resources */,
				3F4E601D2855DB8C00BFAA65 /* Completion.json in Resources */,
				F29BECE8285217A9005B4A1B /* Pretendard-Light.otf in Resources */,
				F29BECEB285217A9005B4A1B /* Pretendard-Black.otf in Resources */,
				F29BECE7285217A9005B4A1B /* Pretendard-Thin.otf in Resources */,
			);
			runOnlyForDeploymentPostprocessing = 0;
		};
/* End PBXResourcesBuildPhase section */

/* Begin PBXSourcesBuildPhase section */
		F2D707B02849BA6C00DA86FD /* Sources */ = {
			isa = PBXSourcesBuildPhase;
			buildActionMask = 2147483647;
			files = (
				4AC8DEEB2854F20E00500E0A /* CarouselView.swift in Sources */,
				7BFBD2E22856C33B00E5D98C /* OnboardingView.swift in Sources */,
				21812E8428557D380023463C /* FinishTopicView.swift in Sources */,
				F2CA7CEE28580DEC0094B126 /* HomeView.swift in Sources */,
				F225A1E92856CB9800166ECC /* User.swift in Sources */,
				F2CA7CE828580D8E0094B126 /* MeetingRoomView.swift in Sources */,
				F225A1EB2856CEB200166ECC /* Topic.swift in Sources */,
				F2CA7CF728580E980094B126 /* FieldType.swift in Sources */,
				4A3B249B2855FFC000504486 /* CompletionViewModel.swift in Sources */,
				F29BED232853B24C005B4A1B /* CreateMeetingRoomView.swift in Sources */,
				F2CA7CF528580E660094B126 /* QRCodeView.swift in Sources */,
				4A2A97AC2856D90B00EA21C6 /* FinishTopicViewModel.swift in Sources */,
				F2380A8B2856D500004754EE /* FirebaseManager.swift in Sources */,
				F2CA7CF328580E400094B126 /* QRCode.swift in Sources */,
				F2380A8F2856D633004754EE /* generateRandomNickname.swift in Sources */,
				F2CA7CEC28580DD10094B126 /* TestCardView.swift in Sources */,
				F2CA7CF9285811510094B126 /* RoundButton.swift in Sources */,
				3F4E60142855BE7200BFAA65 /* ArrowAnimationView.swift in Sources */,
				7BFBD2E42856C33B00E5D98C /* OnboardingPageView.swift in Sources */,
				15634FA72854EB3F009264BF /* BreakTimeView.swift in Sources */,
				15634FA92854EB3F009264BF /* TimeSetView.swift in Sources */,
				3F4E601B2855DA3B00BFAA65 /* CompletedTopicView.swift in Sources */,
				F225A1E72856C89A00166ECC /* Reaction.swift in Sources */,
				F2D707B82849BA6C00DA86FD /* TeamOXYApp.swift in Sources */,
				F2380A932856EA65004754EE /* EmojiViewModel.swift in Sources */,
				F2CA7CEA28580DAD0094B126 /* EmojiReactionView.swift in Sources */,
				4A2A97AA2856C7A400EA21C6 /* UIScreenExtension.swift in Sources */,
				F29BED1F28533CBC005B4A1B /* String+ButtonImageName.swift in Sources */,
				7BC5EFB22851ECC5004A27B5 /* ColorExtension.swift in Sources */,
				F2380A8D2856D567004754EE /* FirebaseConstants.swift in Sources */,
				7BFBD2E32856C33B00E5D98C /* OnboardingLastPageView.swift in Sources */,
				15634FA82854EB3F009264BF /* CircularTimerView.swift in Sources */,
				3F4E60192855DA0300BFAA65 /* LottieView.swift in Sources */,
				F2380A912856E010004754EE /* TypographyExtension.swift in Sources */,
				F2CA7CE2285701A00094B126 /* RootView.swift in Sources */,
			);
			runOnlyForDeploymentPostprocessing = 0;
		};
/* End PBXSourcesBuildPhase section */

/* Begin XCBuildConfiguration section */
		F2D707C02849BA6D00DA86FD /* Debug */ = {
			isa = XCBuildConfiguration;
			buildSettings = {
				ALWAYS_SEARCH_USER_PATHS = NO;
				CLANG_ANALYZER_NONNULL = YES;
				CLANG_ANALYZER_NUMBER_OBJECT_CONVERSION = YES_AGGRESSIVE;
				CLANG_CXX_LANGUAGE_STANDARD = "gnu++17";
				CLANG_ENABLE_MODULES = YES;
				CLANG_ENABLE_OBJC_ARC = YES;
				CLANG_ENABLE_OBJC_WEAK = YES;
				CLANG_WARN_BLOCK_CAPTURE_AUTORELEASING = YES;
				CLANG_WARN_BOOL_CONVERSION = YES;
				CLANG_WARN_COMMA = YES;
				CLANG_WARN_CONSTANT_CONVERSION = YES;
				CLANG_WARN_DEPRECATED_OBJC_IMPLEMENTATIONS = YES;
				CLANG_WARN_DIRECT_OBJC_ISA_USAGE = YES_ERROR;
				CLANG_WARN_DOCUMENTATION_COMMENTS = YES;
				CLANG_WARN_EMPTY_BODY = YES;
				CLANG_WARN_ENUM_CONVERSION = YES;
				CLANG_WARN_INFINITE_RECURSION = YES;
				CLANG_WARN_INT_CONVERSION = YES;
				CLANG_WARN_NON_LITERAL_NULL_CONVERSION = YES;
				CLANG_WARN_OBJC_IMPLICIT_RETAIN_SELF = YES;
				CLANG_WARN_OBJC_LITERAL_CONVERSION = YES;
				CLANG_WARN_OBJC_ROOT_CLASS = YES_ERROR;
				CLANG_WARN_QUOTED_INCLUDE_IN_FRAMEWORK_HEADER = YES;
				CLANG_WARN_RANGE_LOOP_ANALYSIS = YES;
				CLANG_WARN_STRICT_PROTOTYPES = YES;
				CLANG_WARN_SUSPICIOUS_MOVE = YES;
				CLANG_WARN_UNGUARDED_AVAILABILITY = YES_AGGRESSIVE;
				CLANG_WARN_UNREACHABLE_CODE = YES;
				CLANG_WARN__DUPLICATE_METHOD_MATCH = YES;
				COPY_PHASE_STRIP = NO;
				DEBUG_INFORMATION_FORMAT = dwarf;
				ENABLE_STRICT_OBJC_MSGSEND = YES;
				ENABLE_TESTABILITY = YES;
				GCC_C_LANGUAGE_STANDARD = gnu11;
				GCC_DYNAMIC_NO_PIC = NO;
				GCC_NO_COMMON_BLOCKS = YES;
				GCC_OPTIMIZATION_LEVEL = 0;
				GCC_PREPROCESSOR_DEFINITIONS = (
					"DEBUG=1",
					"$(inherited)",
				);
				GCC_WARN_64_TO_32_BIT_CONVERSION = YES;
				GCC_WARN_ABOUT_RETURN_TYPE = YES_ERROR;
				GCC_WARN_UNDECLARED_SELECTOR = YES;
				GCC_WARN_UNINITIALIZED_AUTOS = YES_AGGRESSIVE;
				GCC_WARN_UNUSED_FUNCTION = YES;
				GCC_WARN_UNUSED_VARIABLE = YES;
				IPHONEOS_DEPLOYMENT_TARGET = 15.4;
				MTL_ENABLE_DEBUG_INFO = INCLUDE_SOURCE;
				MTL_FAST_MATH = YES;
				ONLY_ACTIVE_ARCH = YES;
				SDKROOT = iphoneos;
				SWIFT_ACTIVE_COMPILATION_CONDITIONS = DEBUG;
				SWIFT_OPTIMIZATION_LEVEL = "-Onone";
			};
			name = Debug;
		};
		F2D707C12849BA6D00DA86FD /* Release */ = {
			isa = XCBuildConfiguration;
			buildSettings = {
				ALWAYS_SEARCH_USER_PATHS = NO;
				CLANG_ANALYZER_NONNULL = YES;
				CLANG_ANALYZER_NUMBER_OBJECT_CONVERSION = YES_AGGRESSIVE;
				CLANG_CXX_LANGUAGE_STANDARD = "gnu++17";
				CLANG_ENABLE_MODULES = YES;
				CLANG_ENABLE_OBJC_ARC = YES;
				CLANG_ENABLE_OBJC_WEAK = YES;
				CLANG_WARN_BLOCK_CAPTURE_AUTORELEASING = YES;
				CLANG_WARN_BOOL_CONVERSION = YES;
				CLANG_WARN_COMMA = YES;
				CLANG_WARN_CONSTANT_CONVERSION = YES;
				CLANG_WARN_DEPRECATED_OBJC_IMPLEMENTATIONS = YES;
				CLANG_WARN_DIRECT_OBJC_ISA_USAGE = YES_ERROR;
				CLANG_WARN_DOCUMENTATION_COMMENTS = YES;
				CLANG_WARN_EMPTY_BODY = YES;
				CLANG_WARN_ENUM_CONVERSION = YES;
				CLANG_WARN_INFINITE_RECURSION = YES;
				CLANG_WARN_INT_CONVERSION = YES;
				CLANG_WARN_NON_LITERAL_NULL_CONVERSION = YES;
				CLANG_WARN_OBJC_IMPLICIT_RETAIN_SELF = YES;
				CLANG_WARN_OBJC_LITERAL_CONVERSION = YES;
				CLANG_WARN_OBJC_ROOT_CLASS = YES_ERROR;
				CLANG_WARN_QUOTED_INCLUDE_IN_FRAMEWORK_HEADER = YES;
				CLANG_WARN_RANGE_LOOP_ANALYSIS = YES;
				CLANG_WARN_STRICT_PROTOTYPES = YES;
				CLANG_WARN_SUSPICIOUS_MOVE = YES;
				CLANG_WARN_UNGUARDED_AVAILABILITY = YES_AGGRESSIVE;
				CLANG_WARN_UNREACHABLE_CODE = YES;
				CLANG_WARN__DUPLICATE_METHOD_MATCH = YES;
				COPY_PHASE_STRIP = NO;
				DEBUG_INFORMATION_FORMAT = "dwarf-with-dsym";
				ENABLE_NS_ASSERTIONS = NO;
				ENABLE_STRICT_OBJC_MSGSEND = YES;
				GCC_C_LANGUAGE_STANDARD = gnu11;
				GCC_NO_COMMON_BLOCKS = YES;
				GCC_WARN_64_TO_32_BIT_CONVERSION = YES;
				GCC_WARN_ABOUT_RETURN_TYPE = YES_ERROR;
				GCC_WARN_UNDECLARED_SELECTOR = YES;
				GCC_WARN_UNINITIALIZED_AUTOS = YES_AGGRESSIVE;
				GCC_WARN_UNUSED_FUNCTION = YES;
				GCC_WARN_UNUSED_VARIABLE = YES;
				IPHONEOS_DEPLOYMENT_TARGET = 15.4;
				MTL_ENABLE_DEBUG_INFO = NO;
				MTL_FAST_MATH = YES;
				SDKROOT = iphoneos;
				SWIFT_COMPILATION_MODE = wholemodule;
				SWIFT_OPTIMIZATION_LEVEL = "-O";
				VALIDATE_PRODUCT = YES;
			};
			name = Release;
		};
		F2D707C32849BA6D00DA86FD /* Debug */ = {
			isa = XCBuildConfiguration;
			buildSettings = {
				ASSETCATALOG_COMPILER_APPICON_NAME = AppIcon;
				ASSETCATALOG_COMPILER_GLOBAL_ACCENT_COLOR_NAME = AccentColor;
				CODE_SIGN_STYLE = Automatic;
				CURRENT_PROJECT_VERSION = 1;
				DEVELOPMENT_ASSET_PATHS = "\"TeamOXY/Preview Content\"";
				DEVELOPMENT_TEAM = G3PA8G576S;
				ENABLE_PREVIEWS = YES;
				GENERATE_INFOPLIST_FILE = YES;
				INFOPLIST_FILE = TeamOXY/Info.plist;
				INFOPLIST_KEY_NSCameraUsageDescription = "QR 코드를 스캔하기 위해서는 카메라 접근 권한이 필요합니다.";
				INFOPLIST_KEY_UIApplicationSceneManifest_Generation = YES;
				INFOPLIST_KEY_UIApplicationSupportsIndirectInputEvents = YES;
				INFOPLIST_KEY_UILaunchScreen_Generation = YES;
				INFOPLIST_KEY_UISupportedInterfaceOrientations_iPad = "UIInterfaceOrientationPortrait UIInterfaceOrientationPortraitUpsideDown UIInterfaceOrientationLandscapeLeft UIInterfaceOrientationLandscapeRight";
				INFOPLIST_KEY_UISupportedInterfaceOrientations_iPhone = "UIInterfaceOrientationPortrait UIInterfaceOrientationLandscapeLeft UIInterfaceOrientationLandscapeRight";
				INFOPLIST_KEY_UIUserInterfaceStyle = Light;
				LD_RUNPATH_SEARCH_PATHS = (
					"$(inherited)",
					"@executable_path/Frameworks",
				);
				MARKETING_VERSION = 1.0;
				PRODUCT_BUNDLE_IDENTIFIER = com.ekko.TeamOXY;
				PRODUCT_NAME = "$(TARGET_NAME)";
				SWIFT_EMIT_LOC_STRINGS = YES;
				SWIFT_VERSION = 5.0;
				TARGETED_DEVICE_FAMILY = "1,2";
			};
			name = Debug;
		};
		F2D707C42849BA6D00DA86FD /* Release */ = {
			isa = XCBuildConfiguration;
			buildSettings = {
				ASSETCATALOG_COMPILER_APPICON_NAME = AppIcon;
				ASSETCATALOG_COMPILER_GLOBAL_ACCENT_COLOR_NAME = AccentColor;
				CODE_SIGN_STYLE = Automatic;
				CURRENT_PROJECT_VERSION = 1;
				DEVELOPMENT_ASSET_PATHS = "\"TeamOXY/Preview Content\"";
				DEVELOPMENT_TEAM = JP5BCXZWJP;
				ENABLE_PREVIEWS = YES;
				GENERATE_INFOPLIST_FILE = YES;
				INFOPLIST_FILE = TeamOXY/Info.plist;
				INFOPLIST_KEY_NSCameraUsageDescription = "QR 코드를 스캔하기 위해서는 카메라 접근 권한이 필요합니다.";
				INFOPLIST_KEY_UIApplicationSceneManifest_Generation = YES;
				INFOPLIST_KEY_UIApplicationSupportsIndirectInputEvents = YES;
				INFOPLIST_KEY_UILaunchScreen_Generation = YES;
				INFOPLIST_KEY_UISupportedInterfaceOrientations_iPad = "UIInterfaceOrientationPortrait UIInterfaceOrientationPortraitUpsideDown UIInterfaceOrientationLandscapeLeft UIInterfaceOrientationLandscapeRight";
				INFOPLIST_KEY_UISupportedInterfaceOrientations_iPhone = "UIInterfaceOrientationPortrait UIInterfaceOrientationLandscapeLeft UIInterfaceOrientationLandscapeRight";
				INFOPLIST_KEY_UIUserInterfaceStyle = Light;
				LD_RUNPATH_SEARCH_PATHS = (
					"$(inherited)",
					"@executable_path/Frameworks",
				);
				MARKETING_VERSION = 1.0;
				PRODUCT_BUNDLE_IDENTIFIER = com.ekko.TeamOXY;
				PRODUCT_NAME = "$(TARGET_NAME)";
				SWIFT_EMIT_LOC_STRINGS = YES;
				SWIFT_VERSION = 5.0;
				TARGETED_DEVICE_FAMILY = "1,2";
			};
			name = Release;
		};
/* End XCBuildConfiguration section */

/* Begin XCConfigurationList section */
		F2D707AF2849BA6C00DA86FD /* Build configuration list for PBXProject "TeamOXY" */ = {
			isa = XCConfigurationList;
			buildConfigurations = (
				F2D707C02849BA6D00DA86FD /* Debug */,
				F2D707C12849BA6D00DA86FD /* Release */,
			);
			defaultConfigurationIsVisible = 0;
			defaultConfigurationName = Release;
		};
		F2D707C22849BA6D00DA86FD /* Build configuration list for PBXNativeTarget "TeamOXY" */ = {
			isa = XCConfigurationList;
			buildConfigurations = (
				F2D707C32849BA6D00DA86FD /* Debug */,
				F2D707C42849BA6D00DA86FD /* Release */,
			);
			defaultConfigurationIsVisible = 0;
			defaultConfigurationName = Release;
		};
/* End XCConfigurationList section */

/* Begin XCRemoteSwiftPackageReference section */
		3F4E600C2853A37000BFAA65 /* XCRemoteSwiftPackageReference "ConfettiSwiftUI" */ = {
			isa = XCRemoteSwiftPackageReference;
			repositoryURL = "https://github.com/simibac/ConfettiSwiftUI.git";
			requirement = {
				kind = upToNextMajorVersion;
				minimumVersion = 1.0.0;
			};
		};
		3F4E60152855D9DD00BFAA65 /* XCRemoteSwiftPackageReference "lottie-ios" */ = {
			isa = XCRemoteSwiftPackageReference;
			repositoryURL = "https://github.com/airbnb/lottie-ios.git";
			requirement = {
				kind = upToNextMajorVersion;
				minimumVersion = 3.0.0;
			};
		};
		F225A1D92856BD1300166ECC /* XCRemoteSwiftPackageReference "firebase-ios-sdk" */ = {
			isa = XCRemoteSwiftPackageReference;
			repositoryURL = "https://github.com/firebase/firebase-ios-sdk.git";
			requirement = {
				kind = upToNextMajorVersion;
				minimumVersion = 9.0.0;
			};
		};
		F29BED2C28558F47005B4A1B /* XCRemoteSwiftPackageReference "CodeScanner" */ = {
			isa = XCRemoteSwiftPackageReference;
			repositoryURL = "https://github.com/twostraws/CodeScanner.git";
			requirement = {
				kind = upToNextMajorVersion;
				minimumVersion = 2.0.0;
			};
		};
/* End XCRemoteSwiftPackageReference section */

/* Begin XCSwiftPackageProductDependency section */
		3F4E600D2853A37000BFAA65 /* ConfettiSwiftUI */ = {
			isa = XCSwiftPackageProductDependency;
			package = 3F4E600C2853A37000BFAA65 /* XCRemoteSwiftPackageReference "ConfettiSwiftUI" */;
			productName = ConfettiSwiftUI;
		};
		3F4E60162855D9DD00BFAA65 /* Lottie */ = {
			isa = XCSwiftPackageProductDependency;
			package = 3F4E60152855D9DD00BFAA65 /* XCRemoteSwiftPackageReference "lottie-ios" */;
			productName = Lottie;
		};
		F225A1DA2856BD1300166ECC /* FirebaseAuth */ = {
			isa = XCSwiftPackageProductDependency;
			package = F225A1D92856BD1300166ECC /* XCRemoteSwiftPackageReference "firebase-ios-sdk" */;
			productName = FirebaseAuth;
		};
		F225A1DC2856BD1300166ECC /* FirebaseFirestore */ = {
			isa = XCSwiftPackageProductDependency;
			package = F225A1D92856BD1300166ECC /* XCRemoteSwiftPackageReference "firebase-ios-sdk" */;
			productName = FirebaseFirestore;
		};
		F225A1DE2856BD1300166ECC /* FirebaseFirestoreSwift */ = {
			isa = XCSwiftPackageProductDependency;
			package = F225A1D92856BD1300166ECC /* XCRemoteSwiftPackageReference "firebase-ios-sdk" */;
			productName = FirebaseFirestoreSwift;
		};
		F225A1E02856BD1300166ECC /* FirebaseMessaging */ = {
			isa = XCSwiftPackageProductDependency;
			package = F225A1D92856BD1300166ECC /* XCRemoteSwiftPackageReference "firebase-ios-sdk" */;
			productName = FirebaseMessaging;
		};
		F225A1E22856BD1300166ECC /* FirebaseStorage */ = {
			isa = XCSwiftPackageProductDependency;
			package = F225A1D92856BD1300166ECC /* XCRemoteSwiftPackageReference "firebase-ios-sdk" */;
			productName = FirebaseStorage;
		};
		F29BED2D28558F48005B4A1B /* CodeScanner */ = {
			isa = XCSwiftPackageProductDependency;
			package = F29BED2C28558F47005B4A1B /* XCRemoteSwiftPackageReference "CodeScanner" */;
			productName = CodeScanner;
		};
/* End XCSwiftPackageProductDependency section */
	};
	rootObject = F2D707AC2849BA6C00DA86FD /* Project object */;
}
